
Microsoft Visual Studio Solution File, Format Version 12.00
# Visual Studio 2013
VisualStudioVersion = 12.0.31101.0
MinimumVisualStudioVersion = 10.0.40219.1
Project("{E24C65DC-7377-472B-9ABA-BC803B73C61A}") = "thoitranghcq_source", "http://localhost:52256", "{1CD373AA-658B-4A1B-B61E-E5329C6338CD}"
	ProjectSection(WebsiteProperties) = preProject
		UseIISExpress = "true"
		TargetFrameworkMoniker = ".NETFramework,Version%3Dv3.5"
		Debug.AspNetCompiler.VirtualPath = "/localhost_52256"
		Debug.AspNetCompiler.PhysicalPath = "thoitranghcq_source\"
		Debug.AspNetCompiler.TargetPath = "PrecompiledWeb\localhost_52256\"
		Debug.AspNetCompiler.Updateable = "true"
		Debug.AspNetCompiler.ForceOverwrite = "true"
		Debug.AspNetCompiler.FixedNames = "false"
		Debug.AspNetCompiler.Debug = "True"
		Release.AspNetCompiler.VirtualPath = "/localhost_52256"
		Release.AspNetCompiler.PhysicalPath = "thoitranghcq_source\"
		Release.AspNetCompiler.TargetPath = "PrecompiledWeb\localhost_52256\"
		Release.AspNetCompiler.Updateable = "true"
		Release.AspNetCompiler.ForceOverwrite = "true"
		Release.AspNetCompiler.FixedNames = "false"
		Release.AspNetCompiler.Debug = "False"
		SlnRelativePath = "thoitranghcq_source\"
	EndProjectSection
EndProject
Global
	GlobalSection(SolutionConfigurationPlatforms) = preSolution
		Debug|Any CPU = Debug|Any CPU
	EndGlobalSection
	GlobalSection(ProjectConfigurationPlatforms) = postSolution
		{1CD373AA-658B-4A1B-B61E-E5329C6338CD}.Debug|Any CPU.ActiveCfg = Debug|Any CPU
		{1CD373AA-658B-4A1B-B61E-E5329C6338CD}.Debug|Any CPU.Build.0 = Debug|Any CPU
	EndGlobalSection
	GlobalSection(SolutionProperties) = preSolution
		HideSolutionNode = FALSE
	EndGlobalSection
EndGlobal
